
Microsoft Visual Studio Solution File, Format Version 12.00
Project("{FAE04EC0-301F-11D3-BF4B-00C04F79EFBC}") = "GadgetApp", "GadgetApp\GadgetApp.csproj", "{E2E84A2A-4220-4C28-BACE-DBB6A044E858}"
EndProject
Global
	GlobalSection(SolutionConfigurationPlatforms) = preSolution
		Debug|Any CPU = Debug|Any CPU
		Release|Any CPU = Release|Any CPU
	EndGlobalSection
	GlobalSection(ProjectConfigurationPlatforms) = postSolution
		{E2E84A2A-4220-4C28-BACE-DBB6A044E858}.Debug|Any CPU.ActiveCfg = Debug|Any CPU
		{E2E84A2A-4220-4C28-BACE-DBB6A044E858}.Debug|Any CPU.Build.0 = Debug|Any CPU
		{E2E84A2A-4220-4C28-BACE-DBB6A044E858}.Release|Any CPU.ActiveCfg = Release|Any CPU
		{E2E84A2A-4220-4C28-BACE-DBB6A044E858}.Release|Any CPU.Build.0 = Release|Any CPU
	EndGlobalSection
EndGlobal
